
Microsoft Visual Studio Solution File, Format Version 12.00
# Visual Studio 15
VisualStudioVersion = 15.0.28307.572
MinimumVisualStudioVersion = 10.0.40219.1
Project("{FAE04EC0-301F-11D3-BF4B-00C04F79EFBC}") = "MobyDickensBookstore2.0", "MobyDickensBookstore2.0\MobyDickensBookstore2.0.csproj", "{5530D1A4-311C-4407-8C63-561944ABD2AE}"
EndProject
Project("{FAE04EC0-301F-11D3-BF4B-00C04F79EFBC}") = "MobyDickensBookstore2.0.Tests", "MobyDickensBookstore2.0.Tests\MobyDickensBookstore2.0.Tests.csproj", "{32B25CA4-3CDD-4EED-8C4C-7B819127DC0F}"
EndProject
Global
	GlobalSection(SolutionConfigurationPlatforms) = preSolution
		Debug|Any CPU = Debug|Any CPU
		Release|Any CPU = Release|Any CPU
	EndGlobalSection
	GlobalSection(ProjectConfigurationPlatforms) = postSolution
		{5530D1A4-311C-4407-8C63-561944ABD2AE}.Debug|Any CPU.ActiveCfg = Debug|Any CPU
		{5530D1A4-311C-4407-8C63-561944ABD2AE}.Debug|Any CPU.Build.0 = Debug|Any CPU
		{5530D1A4-311C-4407-8C63-561944ABD2AE}.Release|Any CPU.ActiveCfg = Release|Any CPU
		{5530D1A4-311C-4407-8C63-561944ABD2AE}.Release|Any CPU.Build.0 = Release|Any CPU
		{32B25CA4-3CDD-4EED-8C4C-7B819127DC0F}.Debug|Any CPU.ActiveCfg = Debug|Any CPU
		{32B25CA4-3CDD-4EED-8C4C-7B819127DC0F}.Debug|Any CPU.Build.0 = Debug|Any CPU
		{32B25CA4-3CDD-4EED-8C4C-7B819127DC0F}.Release|Any CPU.ActiveCfg = Release|Any CPU
		{32B25CA4-3CDD-4EED-8C4C-7B819127DC0F}.Release|Any CPU.Build.0 = Release|Any CPU
	EndGlobalSection
	GlobalSection(SolutionProperties) = preSolution
		HideSolutionNode = FALSE
	EndGlobalSection
	GlobalSection(ExtensibilityGlobals) = postSolution
		SolutionGuid = {0838F91F-0C25-4D9B-9B54-AFA51EE4F539}
	EndGlobalSection
EndGlobal
